
Microsoft Visual Studio Solution File, Format Version 12.00
# Visual Studio Version 17
VisualStudioVersion = 17.11.35303.130
MinimumVisualStudioVersion = 10.0.40219.1
Project("{2150E333-8FDC-42A3-9474-1A3956D46DE8}") = "Task0", "Task0", "{FB1C3043-E9FF-456D-9024-31A817F83184}"
EndProject
Project("{9A19103F-16F7-4668-BE54-9A1E7A4F7556}") = "Tyuiu.SinitsinDV.Sprint1.Task0.V27", "Tyuiu.SinitsinDV.Sprint1.Task0.V27\Tyuiu.SinitsinDV.Sprint1.Task0.V27.csproj", "{B6E0BEAC-2A93-440B-ABEA-074D3CF66901}"
EndProject
Project("{9A19103F-16F7-4668-BE54-9A1E7A4F7556}") = "Tyuiu.SinitsinDV.Sprint1.Task0.V27.Lib", "Tyuiu.SinitsinDV.Sprint1.Task0.V27.Lib\Tyuiu.SinitsinDV.Sprint1.Task0.V27.Lib.csproj", "{569C9501-EDBE-42BC-A043-3714B5EA6C84}"
EndProject
Project("{9A19103F-16F7-4668-BE54-9A1E7A4F7556}") = "Tyuiu.SinitsinDV.Sprint1.Task0.V27.Test", "Tyuiu.SinitsinDV.Sprint1.Task0.V27.Test\Tyuiu.SinitsinDV.Sprint1.Task0.V27.Test.csproj", "{04D7ECA7-E0E9-461A-A3A1-BBBD27E6F02B}"
EndProject
Project("{2150E333-8FDC-42A3-9474-1A3956D46DE8}") = "Task1", "Task1", "{BDCD01FC-798A-4D13-9A58-AA8032B64D55}"
EndProject
Project("{FAE04EC0-301F-11D3-BF4B-00C04F79EFBC}") = "Tyuiu.SinitsinDV.Sprint1.Task1.V15", "Tyuiu.SinitsinDV.Sprint1.Task1.V15\Tyuiu.SinitsinDV.Sprint1.Task1.V15.csproj", "{40B9DFEF-9E20-4E08-82C2-E0E6CA394DD4}"
EndProject
Project("{FAE04EC0-301F-11D3-BF4B-00C04F79EFBC}") = "Tyuiu.SinitsinDV.Sprint1.Task1.V15.Lib", "Tyuiu.SinitsinDV.Sprint1.Task1.V15.Lib\Tyuiu.SinitsinDV.Sprint1.Task1.V15.Lib.csproj", "{C51AAEE6-4718-4BEE-BD29-785568A10146}"
EndProject
Project("{FAE04EC0-301F-11D3-BF4B-00C04F79EFBC}") = "Tyuiu.SinitsinDV.Sprint1.Task1.V15.Test", "Tyuiu.SinitsinDV.Sprint1.Task1.V15.Test\Tyuiu.SinitsinDV.Sprint1.Task1.V15.Test.csproj", "{F368625B-42F5-482D-85D6-021E17D25D9A}"
EndProject
Global
	GlobalSection(SolutionConfigurationPlatforms) = preSolution
		Debug|Any CPU = Debug|Any CPU
		Release|Any CPU = Release|Any CPU
	EndGlobalSection
	GlobalSection(ProjectConfigurationPlatforms) = postSolution
		{B6E0BEAC-2A93-440B-ABEA-074D3CF66901}.Debug|Any CPU.ActiveCfg = Debug|Any CPU
		{B6E0BEAC-2A93-440B-ABEA-074D3CF66901}.Debug|Any CPU.Build.0 = Debug|Any CPU
		{B6E0BEAC-2A93-440B-ABEA-074D3CF66901}.Release|Any CPU.ActiveCfg = Release|Any CPU
		{B6E0BEAC-2A93-440B-ABEA-074D3CF66901}.Release|Any CPU.Build.0 = Release|Any CPU
		{569C9501-EDBE-42BC-A043-3714B5EA6C84}.Debug|Any CPU.ActiveCfg = Debug|Any CPU
		{569C9501-EDBE-42BC-A043-3714B5EA6C84}.Debug|Any CPU.Build.0 = Debug|Any CPU
		{569C9501-EDBE-42BC-A043-3714B5EA6C84}.Release|Any CPU.ActiveCfg = Release|Any CPU
		{569C9501-EDBE-42BC-A043-3714B5EA6C84}.Release|Any CPU.Build.0 = Release|Any CPU
		{04D7ECA7-E0E9-461A-A3A1-BBBD27E6F02B}.Debug|Any CPU.ActiveCfg = Debug|Any CPU
		{04D7ECA7-E0E9-461A-A3A1-BBBD27E6F02B}.Debug|Any CPU.Build.0 = Debug|Any CPU
		{04D7ECA7-E0E9-461A-A3A1-BBBD27E6F02B}.Release|Any CPU.ActiveCfg = Release|Any CPU
		{04D7ECA7-E0E9-461A-A3A1-BBBD27E6F02B}.Release|Any CPU.Build.0 = Release|Any CPU
		{40B9DFEF-9E20-4E08-82C2-E0E6CA394DD4}.Debug|Any CPU.ActiveCfg = Debug|Any CPU
		{40B9DFEF-9E20-4E08-82C2-E0E6CA394DD4}.Debug|Any CPU.Build.0 = Debug|Any CPU
		{40B9DFEF-9E20-4E08-82C2-E0E6CA394DD4}.Release|Any CPU.ActiveCfg = Release|Any CPU
		{40B9DFEF-9E20-4E08-82C2-E0E6CA394DD4}.Release|Any CPU.Build.0 = Release|Any CPU
		{C51AAEE6-4718-4BEE-BD29-785568A10146}.Debug|Any CPU.ActiveCfg = Debug|Any CPU
		{C51AAEE6-4718-4BEE-BD29-785568A10146}.Debug|Any CPU.Build.0 = Debug|Any CPU
		{C51AAEE6-4718-4BEE-BD29-785568A10146}.Release|Any CPU.ActiveCfg = Release|Any CPU
		{C51AAEE6-4718-4BEE-BD29-785568A10146}.Release|Any CPU.Build.0 = Release|Any CPU
		{F368625B-42F5-482D-85D6-021E17D25D9A}.Debug|Any CPU.ActiveCfg = Debug|Any CPU
		{F368625B-42F5-482D-85D6-021E17D25D9A}.Debug|Any CPU.Build.0 = Debug|Any CPU
		{F368625B-42F5-482D-85D6-021E17D25D9A}.Release|Any CPU.ActiveCfg = Release|Any CPU
		{F368625B-42F5-482D-85D6-021E17D25D9A}.Release|Any CPU.Build.0 = Release|Any CPU
	EndGlobalSection
	GlobalSection(SolutionProperties) = preSolution
		HideSolutionNode = FALSE
	EndGlobalSection
	GlobalSection(NestedProjects) = preSolution
		{B6E0BEAC-2A93-440B-ABEA-074D3CF66901} = {FB1C3043-E9FF-456D-9024-31A817F83184}
		{569C9501-EDBE-42BC-A043-3714B5EA6C84} = {FB1C3043-E9FF-456D-9024-31A817F83184}
		{04D7ECA7-E0E9-461A-A3A1-BBBD27E6F02B} = {FB1C3043-E9FF-456D-9024-31A817F83184}
		{40B9DFEF-9E20-4E08-82C2-E0E6CA394DD4} = {BDCD01FC-798A-4D13-9A58-AA8032B64D55}
		{C51AAEE6-4718-4BEE-BD29-785568A10146} = {BDCD01FC-798A-4D13-9A58-AA8032B64D55}
		{F368625B-42F5-482D-85D6-021E17D25D9A} = {BDCD01FC-798A-4D13-9A58-AA8032B64D55}
	EndGlobalSection
	GlobalSection(ExtensibilityGlobals) = postSolution
		SolutionGuid = {76D4D1DD-ABBA-4E3B-B006-FBCDA3FC1178}
	EndGlobalSection
EndGlobal
